
Microsoft Visual Studio Solution File, Format Version 12.00
# Visual Studio Version 17
VisualStudioVersion = 17.11.35327.3
MinimumVisualStudioVersion = 10.0.40219.1
Project("{9A19103F-16F7-4668-BE54-9A1E7A4F7556}") = "ProductAPI", "ProductAPI\ProductAPI.csproj", "{615A5297-9922-41D7-8611-D7357F0BF568}"
EndProject
Project("{9A19103F-16F7-4668-BE54-9A1E7A4F7556}") = "ProductDataAccess", "ProductDataAccess\ProductDataAccess.csproj", "{3DA9F92F-A5B5-4445-A346-7BA2CBB9C1D5}"
EndProject
Global
	GlobalSection(SolutionConfigurationPlatforms) = preSolution
		Debug|Any CPU = Debug|Any CPU
		Release|Any CPU = Release|Any CPU
	EndGlobalSection
	GlobalSection(ProjectConfigurationPlatforms) = postSolution
		{615A5297-9922-41D7-8611-D7357F0BF568}.Debug|Any CPU.ActiveCfg = Debug|Any CPU
		{615A5297-9922-41D7-8611-D7357F0BF568}.Debug|Any CPU.Build.0 = Debug|Any CPU
		{615A5297-9922-41D7-8611-D7357F0BF568}.Release|Any CPU.ActiveCfg = Release|Any CPU
		{615A5297-9922-41D7-8611-D7357F0BF568}.Release|Any CPU.Build.0 = Release|Any CPU
		{3DA9F92F-A5B5-4445-A346-7BA2CBB9C1D5}.Debug|Any CPU.ActiveCfg = Debug|Any CPU
		{3DA9F92F-A5B5-4445-A346-7BA2CBB9C1D5}.Debug|Any CPU.Build.0 = Debug|Any CPU
		{3DA9F92F-A5B5-4445-A346-7BA2CBB9C1D5}.Release|Any CPU.ActiveCfg = Release|Any CPU
		{3DA9F92F-A5B5-4445-A346-7BA2CBB9C1D5}.Release|Any CPU.Build.0 = Release|Any CPU
	EndGlobalSection
	GlobalSection(SolutionProperties) = preSolution
		HideSolutionNode = FALSE
	EndGlobalSection
	GlobalSection(ExtensibilityGlobals) = postSolution
		SolutionGuid = {AAC41B8D-7075-4551-BCF6-F44BB320AC6B}
	EndGlobalSection
EndGlobal
